
Microsoft Visual Studio Solution File, Format Version 12.00
# Visual Studio 2013
VisualStudioVersion = 12.0.30723.0
MinimumVisualStudioVersion = 10.0.40219.1
Project("{FAE04EC0-301F-11D3-BF4B-00C04F79EFBC}") = "RiverWatch Windows Phone App", "RiverWatch Windows Phone App\RiverWatch Windows Phone App.csproj", "{5BD2214A-CDBC-4B83-A7D5-C6F1204C095C}"
EndProject
Project("{FAE04EC0-301F-11D3-BF4B-00C04F79EFBC}") = "RiverWatchTest", "RiverWatchTest\RiverWatchTest.csproj", "{82C950C2-A9A7-4A5F-B303-4795EB8FD426}"
EndProject
Global
	GlobalSection(SolutionConfigurationPlatforms) = preSolution
		Debug|Any CPU = Debug|Any CPU
		Debug|ARM = Debug|ARM
		Debug|Mixed Platforms = Debug|Mixed Platforms
		Debug|x64 = Debug|x64
		Debug|x86 = Debug|x86
		Release|Any CPU = Release|Any CPU
		Release|ARM = Release|ARM
		Release|Mixed Platforms = Release|Mixed Platforms
		Release|x64 = Release|x64
		Release|x86 = Release|x86
	EndGlobalSection
	GlobalSection(ProjectConfigurationPlatforms) = postSolution
		{5BD2214A-CDBC-4B83-A7D5-C6F1204C095C}.Debug|Any CPU.ActiveCfg = Debug|Any CPU
		{5BD2214A-CDBC-4B83-A7D5-C6F1204C095C}.Debug|Any CPU.Build.0 = Debug|Any CPU
		{5BD2214A-CDBC-4B83-A7D5-C6F1204C095C}.Debug|Any CPU.Deploy.0 = Debug|Any CPU
		{5BD2214A-CDBC-4B83-A7D5-C6F1204C095C}.Debug|ARM.ActiveCfg = Debug|ARM
		{5BD2214A-CDBC-4B83-A7D5-C6F1204C095C}.Debug|ARM.Build.0 = Debug|ARM
		{5BD2214A-CDBC-4B83-A7D5-C6F1204C095C}.Debug|ARM.Deploy.0 = Debug|ARM
		{5BD2214A-CDBC-4B83-A7D5-C6F1204C095C}.Debug|Mixed Platforms.ActiveCfg = Debug|x86
		{5BD2214A-CDBC-4B83-A7D5-C6F1204C095C}.Debug|Mixed Platforms.Build.0 = Debug|x86
		{5BD2214A-CDBC-4B83-A7D5-C6F1204C095C}.Debug|Mixed Platforms.Deploy.0 = Debug|x86
		{5BD2214A-CDBC-4B83-A7D5-C6F1204C095C}.Debug|x64.ActiveCfg = Debug|Any CPU
		{5BD2214A-CDBC-4B83-A7D5-C6F1204C095C}.Debug|x86.ActiveCfg = Debug|x86
		{5BD2214A-CDBC-4B83-A7D5-C6F1204C095C}.Debug|x86.Build.0 = Debug|x86
		{5BD2214A-CDBC-4B83-A7D5-C6F1204C095C}.Debug|x86.Deploy.0 = Debug|x86
		{5BD2214A-CDBC-4B83-A7D5-C6F1204C095C}.Release|Any CPU.ActiveCfg = Release|Any CPU
		{5BD2214A-CDBC-4B83-A7D5-C6F1204C095C}.Release|Any CPU.Build.0 = Release|Any CPU
		{5BD2214A-CDBC-4B83-A7D5-C6F1204C095C}.Release|Any CPU.Deploy.0 = Release|Any CPU
		{5BD2214A-CDBC-4B83-A7D5-C6F1204C095C}.Release|ARM.ActiveCfg = Release|ARM
		{5BD2214A-CDBC-4B83-A7D5-C6F1204C095C}.Release|ARM.Build.0 = Release|ARM
		{5BD2214A-CDBC-4B83-A7D5-C6F1204C095C}.Release|ARM.Deploy.0 = Release|ARM
		{5BD2214A-CDBC-4B83-A7D5-C6F1204C095C}.Release|Mixed Platforms.ActiveCfg = Release|x86
		{5BD2214A-CDBC-4B83-A7D5-C6F1204C095C}.Release|Mixed Platforms.Build.0 = Release|x86
		{5BD2214A-CDBC-4B83-A7D5-C6F1204C095C}.Release|Mixed Platforms.Deploy.0 = Release|x86
		{5BD2214A-CDBC-4B83-A7D5-C6F1204C095C}.Release|x64.ActiveCfg = Release|Any CPU
		{5BD2214A-CDBC-4B83-A7D5-C6F1204C095C}.Release|x86.ActiveCfg = Release|x86
		{5BD2214A-CDBC-4B83-A7D5-C6F1204C095C}.Release|x86.Build.0 = Release|x86
		{5BD2214A-CDBC-4B83-A7D5-C6F1204C095C}.Release|x86.Deploy.0 = Release|x86
		{82C950C2-A9A7-4A5F-B303-4795EB8FD426}.Debug|Any CPU.ActiveCfg = Debug|x86
		{82C950C2-A9A7-4A5F-B303-4795EB8FD426}.Debug|ARM.ActiveCfg = Debug|ARM
		{82C950C2-A9A7-4A5F-B303-4795EB8FD426}.Debug|ARM.Build.0 = Debug|ARM
		{82C950C2-A9A7-4A5F-B303-4795EB8FD426}.Debug|ARM.Deploy.0 = Debug|ARM
		{82C950C2-A9A7-4A5F-B303-4795EB8FD426}.Debug|Mixed Platforms.ActiveCfg = Debug|x86
		{82C950C2-A9A7-4A5F-B303-4795EB8FD426}.Debug|Mixed Platforms.Build.0 = Debug|x86
		{82C950C2-A9A7-4A5F-B303-4795EB8FD426}.Debug|Mixed Platforms.Deploy.0 = Debug|x86
		{82C950C2-A9A7-4A5F-B303-4795EB8FD426}.Debug|x64.ActiveCfg = Debug|x86
		{82C950C2-A9A7-4A5F-B303-4795EB8FD426}.Debug|x86.ActiveCfg = Debug|x86
		{82C950C2-A9A7-4A5F-B303-4795EB8FD426}.Debug|x86.Build.0 = Debug|x86
		{82C950C2-A9A7-4A5F-B303-4795EB8FD426}.Debug|x86.Deploy.0 = Debug|x86
		{82C950C2-A9A7-4A5F-B303-4795EB8FD426}.Release|Any CPU.ActiveCfg = Release|x86
		{82C950C2-A9A7-4A5F-B303-4795EB8FD426}.Release|ARM.ActiveCfg = Release|ARM
		{82C950C2-A9A7-4A5F-B303-4795EB8FD426}.Release|ARM.Build.0 = Release|ARM
		{82C950C2-A9A7-4A5F-B303-4795EB8FD426}.Release|ARM.Deploy.0 = Release|ARM
		{82C950C2-A9A7-4A5F-B303-4795EB8FD426}.Release|Mixed Platforms.ActiveCfg = Release|x86
		{82C950C2-A9A7-4A5F-B303-4795EB8FD426}.Release|Mixed Platforms.Build.0 = Release|x86
		{82C950C2-A9A7-4A5F-B303-4795EB8FD426}.Release|Mixed Platforms.Deploy.0 = Release|x86
		{82C950C2-A9A7-4A5F-B303-4795EB8FD426}.Release|x64.ActiveCfg = Release|x86
		{82C950C2-A9A7-4A5F-B303-4795EB8FD426}.Release|x86.ActiveCfg = Release|x86
		{82C950C2-A9A7-4A5F-B303-4795EB8FD426}.Release|x86.Build.0 = Release|x86
		{82C950C2-A9A7-4A5F-B303-4795EB8FD426}.Release|x86.Deploy.0 = Release|x86
	EndGlobalSection
	GlobalSection(SolutionProperties) = preSolution
		HideSolutionNode = FALSE
	EndGlobalSection
EndGlobal
